
Microsoft Visual Studio Solution File, Format Version 12.00
# Visual Studio Version 17
VisualStudioVersion = 17.4.33205.214
MinimumVisualStudioVersion = 10.0.40219.1
Project("{8BC9CEB8-8B4A-11D0-8D11-00A0C91BC942}") = "Injector", "Injector\Injector.vcxproj", "{12439EEF-18BE-4B52-95B6-1992C2FC9D5E}"
EndProject
Global
	GlobalSection(SolutionConfigurationPlatforms) = preSolution
		Debug|x64 = Debug|x64
		Debug|x86 = Debug|x86
		Release|x64 = Release|x64
		Release|x86 = Release|x86
	EndGlobalSection
	GlobalSection(ProjectConfigurationPlatforms) = postSolution
		{12439EEF-18BE-4B52-95B6-1992C2FC9D5E}.Debug|x64.ActiveCfg = Debug|x64
		{12439EEF-18BE-4B52-95B6-1992C2FC9D5E}.Debug|x64.Build.0 = Debug|x64
		{12439EEF-18BE-4B52-95B6-1992C2FC9D5E}.Debug|x86.ActiveCfg = Debug|Win32
		{12439EEF-18BE-4B52-95B6-1992C2FC9D5E}.Debug|x86.Build.0 = Debug|Win32
		{12439EEF-18BE-4B52-95B6-1992C2FC9D5E}.Release|x64.ActiveCfg = Release|x64
		{12439EEF-18BE-4B52-95B6-1992C2FC9D5E}.Release|x64.Build.0 = Release|x64
		{12439EEF-18BE-4B52-95B6-1992C2FC9D5E}.Release|x86.ActiveCfg = Release|Win32
		{12439EEF-18BE-4B52-95B6-1992C2FC9D5E}.Release|x86.Build.0 = Release|Win32
	EndGlobalSection
	GlobalSection(SolutionProperties) = preSolution
		HideSolutionNode = FALSE
	EndGlobalSection
	GlobalSection(ExtensibilityGlobals) = postSolution
		SolutionGuid = {1B9576EC-D899-4BC1-9367-8BDBE81B52BF}
	EndGlobalSection
EndGlobal
